<Solution>
  <Folder Name="/engine/" />
  <Folder Name="/engine/src/" />
  <Folder Name="/engine/src/editor/" />
  <Folder Name="/engine/src/editor/dotnet/" />
  <Folder Name="/engine/src/editor/dotnet/main/" />
  <Folder Name="/engine/src/editor/dotnet/main/dotnet/">
    <Project Path="engine/src/editor/dotnet/main/RetroEngine.Editor.Core/RetroEngine.Editor.Core.csproj" />
    <Project Path="engine/src/editor/dotnet/main/RetroEngine.Editor.SourceGenerator/RetroEngine.Editor.SourceGenerator.csproj" />
    <Project Path="engine/src/editor/dotnet/main/RetroEngine.Editor/RetroEngine.Editor.csproj" />
  </Folder>
  <Folder Name="/engine/src/runtime/" />
  <Folder Name="/engine/src/runtime/dotnet/" />
  <Folder Name="/engine/src/runtime/dotnet/main/">
    <Project Path="engine/src/runtime/dotnet/main/RetroEngine.Core/RetroEngine.Core.csproj" />
    <Project Path="engine/src/runtime/dotnet/main/RetroEngine.Interop/RetroEngine.Interop.csproj" />
    <Project Path="engine/src/runtime/dotnet/main/RetroEngine.Logging/RetroEngine.Logging.csproj" />
    <Project Path="engine/src/runtime/dotnet/main/RetroEngine.Portable.Common/RetroEngine.Portable.Common.csproj" />
    <Project Path="engine/src/runtime/dotnet/main/RetroEngine.Portable.Extensions/RetroEngine.Portable.Extensions.csproj" />
    <Project Path="engine/src/runtime/dotnet/main/RetroEngine.Portable.SourceGenerator/RetroEngine.Portable.SourceGenerator.csproj" />
    <Project Path="engine/src/runtime/dotnet/main/RetroEngine.Portable/RetroEngine.Portable.csproj" />
    <Project Path="engine/src/runtime/dotnet/main/RetroEngine.Portable/RetroEngine.Portable.Native.csproj" />
    <Project Path="engine/src/runtime/dotnet/main/RetroEngine/RetroEngine.csproj" />
  </Folder>
  <Folder Name="/engine/src/runtime/dotnet/test/">
    <Project Path="engine/src/runtime/dotnet/test/RetroEngine.Portable.Test/RetroEngine.Portable.Test.csproj" />
  </Folder>
  <Folder Name="/games/" />
  <Folder Name="/games/sample/" />
  <Folder Name="/games/sample/src/" />
  <Folder Name="/games/sample/src/dotnet/">
    <Project Path="games/sample/src/dotnet/RetroEngine.Game.Sample/RetroEngine.Game.Sample.csproj" />
  </Folder>
</Solution>
