
Microsoft Visual Studio Solution File, Format Version 12.00
Project("{2150E333-8FDC-42A3-9474-1A3956D46DE8}") = "engine", "engine", "{010C7EA8-9ADB-44E9-881F-3B4C0A80A9BC}"
EndProject
Project("{2150E333-8FDC-42A3-9474-1A3956D46DE8}") = "scripting", "scripting", "{91FCADF3-D27E-4162-9B32-7F4F9E9BBAFE}"
EndProject
Project("{2150E333-8FDC-42A3-9474-1A3956D46DE8}") = "dotnet", "dotnet", "{5D20CFDB-76EB-40E3-936B-CE8DCB464E8A}"
EndProject
Project("{FAE04EC0-301F-11D3-BF4B-00C04F79EFBC}") = "RetroEngine", "engine\scripting\dotnet\src\RetroEngine\RetroEngine.csproj", "{4BA23A45-3E04-43C2-A143-7DA1E9D70777}"
EndProject
Project("{FAE04EC0-301F-11D3-BF4B-00C04F79EFBC}") = "RetroEngine.Host", "engine\scripting\dotnet\src\RetroEngine.Host\RetroEngine.Host.csproj", "{DCB7EBA4-90D5-4ACA-A5D8-4AB5970A5741}"
EndProject
Project("{FAE04EC0-301F-11D3-BF4B-00C04F79EFBC}") = "RetroEngine.Core", "engine\scripting\dotnet\src\RetroEngine.Core\RetroEngine.Core.csproj", "{A017BAA2-7448-4CE2-AF3C-BB445BD54FD6}"
EndProject
Project("{FAE04EC0-301F-11D3-BF4B-00C04F79EFBC}") = "RetroEngine.Strings.Managed", "engine\scripting\dotnet\src\RetroEngine.Strings.Managed\RetroEngine.Strings.Managed.csproj", "{79755921-D563-45C3-8333-5E2F4B617EEF}"
EndProject
Project("{2150E333-8FDC-42A3-9474-1A3956D46DE8}") = "src", "src", "{92D2E8D0-3B09-4DB0-AAA6-10C9F1C8B27E}"
EndProject
Project("{2150E333-8FDC-42A3-9474-1A3956D46DE8}") = "test", "test", "{380930D8-CE12-4BC9-B4BA-C55392CC6FB1}"
EndProject
Project("{FAE04EC0-301F-11D3-BF4B-00C04F79EFBC}") = "RetroEngine.Strings.Test", "engine\scripting\dotnet\test\RetroEngine.Strings.Test\RetroEngine.Strings.Test.csproj", "{CB39FD50-B538-4BA6-91EE-137E9EDFDC99}"
EndProject
Project("{FAE04EC0-301F-11D3-BF4B-00C04F79EFBC}") = "RetroEngine.Strings", "engine\scripting\dotnet\src\RetroEngine.Strings\RetroEngine.Strings.csproj", "{3AECBA68-D9ED-40A7-831E-5D696E3CAD09}"
EndProject
Project("{FAE04EC0-301F-11D3-BF4B-00C04F79EFBC}") = "RetroEngine.Binds", "engine\scripting\dotnet\src\RetroEngine.Binds\RetroEngine.Binds.csproj", "{E915943E-8122-4219-9ECA-08435CC3EF81}"
EndProject
Global
	GlobalSection(SolutionConfigurationPlatforms) = preSolution
		Debug|Any CPU = Debug|Any CPU
		Release|Any CPU = Release|Any CPU
	EndGlobalSection
	GlobalSection(NestedProjects) = preSolution
		{91FCADF3-D27E-4162-9B32-7F4F9E9BBAFE} = {010C7EA8-9ADB-44E9-881F-3B4C0A80A9BC}
		{5D20CFDB-76EB-40E3-936B-CE8DCB464E8A} = {91FCADF3-D27E-4162-9B32-7F4F9E9BBAFE}
		{92D2E8D0-3B09-4DB0-AAA6-10C9F1C8B27E} = {5D20CFDB-76EB-40E3-936B-CE8DCB464E8A}
		{4BA23A45-3E04-43C2-A143-7DA1E9D70777} = {92D2E8D0-3B09-4DB0-AAA6-10C9F1C8B27E}
		{A017BAA2-7448-4CE2-AF3C-BB445BD54FD6} = {92D2E8D0-3B09-4DB0-AAA6-10C9F1C8B27E}
		{DCB7EBA4-90D5-4ACA-A5D8-4AB5970A5741} = {92D2E8D0-3B09-4DB0-AAA6-10C9F1C8B27E}
		{79755921-D563-45C3-8333-5E2F4B617EEF} = {92D2E8D0-3B09-4DB0-AAA6-10C9F1C8B27E}
		{380930D8-CE12-4BC9-B4BA-C55392CC6FB1} = {5D20CFDB-76EB-40E3-936B-CE8DCB464E8A}
		{CB39FD50-B538-4BA6-91EE-137E9EDFDC99} = {380930D8-CE12-4BC9-B4BA-C55392CC6FB1}
		{3AECBA68-D9ED-40A7-831E-5D696E3CAD09} = {92D2E8D0-3B09-4DB0-AAA6-10C9F1C8B27E}
		{E915943E-8122-4219-9ECA-08435CC3EF81} = {92D2E8D0-3B09-4DB0-AAA6-10C9F1C8B27E}
	EndGlobalSection
	GlobalSection(ProjectConfigurationPlatforms) = postSolution
		{4BA23A45-3E04-43C2-A143-7DA1E9D70777}.Debug|Any CPU.ActiveCfg = Debug|Any CPU
		{4BA23A45-3E04-43C2-A143-7DA1E9D70777}.Debug|Any CPU.Build.0 = Debug|Any CPU
		{4BA23A45-3E04-43C2-A143-7DA1E9D70777}.Release|Any CPU.ActiveCfg = Release|Any CPU
		{4BA23A45-3E04-43C2-A143-7DA1E9D70777}.Release|Any CPU.Build.0 = Release|Any CPU
		{DCB7EBA4-90D5-4ACA-A5D8-4AB5970A5741}.Debug|Any CPU.ActiveCfg = Debug|Any CPU
		{DCB7EBA4-90D5-4ACA-A5D8-4AB5970A5741}.Debug|Any CPU.Build.0 = Debug|Any CPU
		{DCB7EBA4-90D5-4ACA-A5D8-4AB5970A5741}.Release|Any CPU.ActiveCfg = Release|Any CPU
		{DCB7EBA4-90D5-4ACA-A5D8-4AB5970A5741}.Release|Any CPU.Build.0 = Release|Any CPU
		{A017BAA2-7448-4CE2-AF3C-BB445BD54FD6}.Debug|Any CPU.ActiveCfg = Debug|Any CPU
		{A017BAA2-7448-4CE2-AF3C-BB445BD54FD6}.Debug|Any CPU.Build.0 = Debug|Any CPU
		{A017BAA2-7448-4CE2-AF3C-BB445BD54FD6}.Release|Any CPU.ActiveCfg = Release|Any CPU
		{A017BAA2-7448-4CE2-AF3C-BB445BD54FD6}.Release|Any CPU.Build.0 = Release|Any CPU
		{79755921-D563-45C3-8333-5E2F4B617EEF}.Debug|Any CPU.ActiveCfg = Debug|Any CPU
		{79755921-D563-45C3-8333-5E2F4B617EEF}.Debug|Any CPU.Build.0 = Debug|Any CPU
		{79755921-D563-45C3-8333-5E2F4B617EEF}.Release|Any CPU.ActiveCfg = Release|Any CPU
		{79755921-D563-45C3-8333-5E2F4B617EEF}.Release|Any CPU.Build.0 = Release|Any CPU
		{CB39FD50-B538-4BA6-91EE-137E9EDFDC99}.Debug|Any CPU.ActiveCfg = Debug|Any CPU
		{CB39FD50-B538-4BA6-91EE-137E9EDFDC99}.Debug|Any CPU.Build.0 = Debug|Any CPU
		{CB39FD50-B538-4BA6-91EE-137E9EDFDC99}.Release|Any CPU.ActiveCfg = Release|Any CPU
		{CB39FD50-B538-4BA6-91EE-137E9EDFDC99}.Release|Any CPU.Build.0 = Release|Any CPU
		{3AECBA68-D9ED-40A7-831E-5D696E3CAD09}.Debug|Any CPU.ActiveCfg = Debug|Any CPU
		{3AECBA68-D9ED-40A7-831E-5D696E3CAD09}.Debug|Any CPU.Build.0 = Debug|Any CPU
		{3AECBA68-D9ED-40A7-831E-5D696E3CAD09}.Release|Any CPU.ActiveCfg = Release|Any CPU
		{3AECBA68-D9ED-40A7-831E-5D696E3CAD09}.Release|Any CPU.Build.0 = Release|Any CPU
		{E915943E-8122-4219-9ECA-08435CC3EF81}.Debug|Any CPU.ActiveCfg = Debug|Any CPU
		{E915943E-8122-4219-9ECA-08435CC3EF81}.Debug|Any CPU.Build.0 = Debug|Any CPU
		{E915943E-8122-4219-9ECA-08435CC3EF81}.Release|Any CPU.ActiveCfg = Release|Any CPU
		{E915943E-8122-4219-9ECA-08435CC3EF81}.Release|Any CPU.Build.0 = Release|Any CPU
	EndGlobalSection
EndGlobal
