
Microsoft Visual Studio Solution File, Format Version 12.00
Project("{2150E333-8FDC-42A3-9474-1A3956D46DE8}") = "engine", "engine", "{010C7EA8-9ADB-44E9-881F-3B4C0A80A9BC}"
EndProject
Project("{2150E333-8FDC-42A3-9474-1A3956D46DE8}") = "scripting", "scripting", "{91FCADF3-D27E-4162-9B32-7F4F9E9BBAFE}"
EndProject
Project("{2150E333-8FDC-42A3-9474-1A3956D46DE8}") = "dotnet", "dotnet", "{5D20CFDB-76EB-40E3-936B-CE8DCB464E8A}"
EndProject
Project("{FAE04EC0-301F-11D3-BF4B-00C04F79EFBC}") = "RetroEngine", "engine\scripting\dotnet\RetroEngine\RetroEngine.csproj", "{4BA23A45-3E04-43C2-A143-7DA1E9D70777}"
EndProject
Global
	GlobalSection(SolutionConfigurationPlatforms) = preSolution
		Debug|Any CPU = Debug|Any CPU
		Release|Any CPU = Release|Any CPU
	EndGlobalSection
	GlobalSection(NestedProjects) = preSolution
		{91FCADF3-D27E-4162-9B32-7F4F9E9BBAFE} = {010C7EA8-9ADB-44E9-881F-3B4C0A80A9BC}
		{5D20CFDB-76EB-40E3-936B-CE8DCB464E8A} = {91FCADF3-D27E-4162-9B32-7F4F9E9BBAFE}
		{4BA23A45-3E04-43C2-A143-7DA1E9D70777} = {5D20CFDB-76EB-40E3-936B-CE8DCB464E8A}
	EndGlobalSection
	GlobalSection(ProjectConfigurationPlatforms) = postSolution
		{4BA23A45-3E04-43C2-A143-7DA1E9D70777}.Debug|Any CPU.ActiveCfg = Debug|Any CPU
		{4BA23A45-3E04-43C2-A143-7DA1E9D70777}.Debug|Any CPU.Build.0 = Debug|Any CPU
		{4BA23A45-3E04-43C2-A143-7DA1E9D70777}.Release|Any CPU.ActiveCfg = Release|Any CPU
		{4BA23A45-3E04-43C2-A143-7DA1E9D70777}.Release|Any CPU.Build.0 = Release|Any CPU
	EndGlobalSection
EndGlobal
